// !$*UTF8*$!
{
	archiveVersion = 1;
	classes = {
	};
	objectVersion = 48;
	objects = {

/* Begin PBXBuildFile section */
		BB810C6B1F9D0EE7004B3DAF /* AppDelegate.swift in Sources */ = {isa = PBXBuildFile; fileRef = BB810C6A1F9D0EE7004B3DAF /* AppDelegate.swift */; };
		BB810C6D1F9D0EE7004B3DAF /* art.scnassets in Resources */ = {isa = PBXBuildFile; fileRef = BB810C6C1F9D0EE7004B3DAF /* art.scnassets */; };
		BB810C6F1F9D0EE7004B3DAF /* ViewController.swift in Sources */ = {isa = PBXBuildFile; fileRef = BB810C6E1F9D0EE7004B3DAF /* ViewController.swift */; };
		BB810C721F9D0EE7004B3DAF /* Main.storyboard in Resources */ = {isa = PBXBuildFile; fileRef = BB810C701F9D0EE7004B3DAF /* Main.storyboard */; };
		BB810C741F9D0EE7004B3DAF /* Assets.xcassets in Resources */ = {isa = PBXBuildFile; fileRef = BB810C731F9D0EE7004B3DAF /* Assets.xcassets */; };
		BB810C771F9D0EE7004B3DAF /* LaunchScreen.storyboard in Resources */ = {isa = PBXBuildFile; fileRef = BB810C751F9D0EE7004B3DAF /* LaunchScreen.storyboard */; };
/* End PBXBuildFile section */

/* Begin PBXFileReference section */
		BB810C671F9D0EE7004B3DAF /* ARKitSample.app */ = {isa = PBXFileReference; explicitFileType = wrapper.application; includeInIndex = 0; path = ARKitSample.app; sourceTree = BUILT_PRODUCTS_DIR; };
		BB810C6A1F9D0EE7004B3DAF /* AppDelegate.swift */ = {isa = PBXFileReference; lastKnownFileType = sourcecode.swift; path = AppDelegate.swift; sourceTree = "<group>"; };
		BB810C6C1F9D0EE7004B3DAF /* art.scnassets */ = {isa = PBXFileReference; lastKnownFileType = wrapper.scnassets; path = art.scnassets; sourceTree = "<group>"; };
		BB810C6E1F9D0EE7004B3DAF /* ViewController.swift */ = {isa = PBXFileReference; lastKnownFileType = sourcecode.swift; path = ViewController.swift; sourceTree = "<group>"; };
		BB810C711F9D0EE7004B3DAF /* Base */ = {isa = PBXFileReference; lastKnownFileType = file.storyboard; name = Base; path = Base.lproj/Main.storyboard; sourceTree = "<group>"; };
		BB810C731F9D0EE7004B3DAF /* Assets.xcassets */ = {isa = PBXFileReference; lastKnownFileType = folder.assetcatalog; path = Assets.xcassets; sourceTree = "<group>"; };
		BB810C761F9D0EE7004B3DAF /* Base */ = {isa = PBXFileReference; lastKnownFileType = file.storyboard; name = Base; path = Base.lproj/LaunchScreen.storyboard; sourceTree = "<group>"; };
		BB810C781F9D0EE7004B3DAF /* Info.plist */ = {isa = PBXFileReference; lastKnownFileType = text.plist.xml; path = Info.plist; sourceTree = "<group>"; };
/* End PBXFileReference section */

/* Begin PBXFrameworksBuildPhase section */
		BB810C641F9D0EE7004B3DAF /* Frameworks */ = {
			isa = PBXFrameworksBuildPhase;
			buildActionMask = 2147483647;
			files = (
			);
			runOnlyForDeploymentPostprocessing = 0;
		};
/* End PBXFrameworksBuildPhase section */

/* Begin PBXGroup section */
		BB810C5E1F9D0EE7004B3DAF = {
			isa = PBXGroup;
			children = (
				BB810C691F9D0EE7004B3DAF /* ARKitSample */,
				BB810C681F9D0EE7004B3DAF /* Products */,
			);
			sourceTree = "<group>";
		};
		BB810C681F9D0EE7004B3DAF /* Products */ = {
			isa = PBXGroup;
			children = (
				BB810C671F9D0EE7004B3DAF /* ARKitSample.app */,
			);
			name = Products;
			sourceTree = "<group>";
		};
		BB810C691F9D0EE7004B3DAF /* ARKitSample */ = {
			isa = PBXGroup;
			children = (
				BB810C6A1F9D0EE7004B3DAF /* AppDelegate.swift */,
				BB810C6C1F9D0EE7004B3DAF /* art.scnassets */,
				BB810C6E1F9D0EE7004B3DAF /* ViewController.swift */,
				BB810C701F9D0EE7004B3DAF /* Main.storyboard */,
				BB810C731F9D0EE7004B3DAF /* Assets.xcassets */,
				BB810C751F9D0EE7004B3DAF /* LaunchScreen.storyboard */,
				BB810C781F9D0EE7004B3DAF /* Info.plist */,
			);
			path = ARKitSample;
			sourceTree = "<group>";
		};
/* End PBXGroup section */

/* Begin PBXNativeTarget section */
		BB810C661F9D0EE7004B3DAF /* ARKitSample */ = {
			isa = PBXNativeTarget;
			buildConfigurationList = BB810C7B1F9D0EE7004B3DAF /* Build configuration list for PBXNativeTarget "ARKitSample" */;
			buildPhases = (
				BB810C631F9D0EE7004B3DAF /* Sources */,
				BB810C641F9D0EE7004B3DAF /* Frameworks */,
				BB810C651F9D0EE7004B3DAF /* Resources */,
			);
			buildRules = (
			);
			dependencies = (
			);
			name = ARKitSample;
			productName = ARKitSample;
			productReference = BB810C671F9D0EE7004B3DAF /* ARKitSample.app */;
			productType = "com.apple.product-type.application";
		};
/* End PBXNativeTarget section */

/* Begin PBXProject section */
		BB810C5F1F9D0EE7004B3DAF /* Project object */ = {
			isa = PBXProject;
			attributes = {
				LastSwiftUpdateCheck = 0900;
				LastUpgradeCheck = 0900;
				ORGANIZATIONNAME = "Rahul Dubey";
				TargetAttributes = {
					BB810C661F9D0EE7004B3DAF = {
						CreatedOnToolsVersion = 9.0.1;
						ProvisioningStyle = Automatic;
					};
				};
			};
			buildConfigurationList = BB810C621F9D0EE7004B3DAF /* Build configuration list for PBXProject "ARKitSample" */;
			compatibilityVersion = "Xcode 8.0";
			developmentRegion = en;
			hasScannedForEncodings = 0;
			knownRegions = (
				en,
				Base,
			);
			mainGroup = BB810C5E1F9D0EE7004B3DAF;
			productRefGroup = BB810C681F9D0EE7004B3DAF /* Products */;
			projectDirPath = "";
			projectRoot = "";
			targets = (
				BB810C661F9D0EE7004B3DAF /* ARKitSample */,
			);
		};
/* End PBXProject section */

/* Begin PBXResourcesBuildPhase section */
		BB810C651F9D0EE7004B3DAF /* Resources */ = {
			isa = PBXResourcesBuildPhase;
			buildActionMask = 2147483647;
			files = (
				BB810C6D1F9D0EE7004B3DAF /* art.scnassets in Resources */,
				BB810C771F9D0EE7004B3DAF /* LaunchScreen.storyboard in Resources */,
				BB810C741F9D0EE7004B3DAF /* Assets.xcassets in Resources */,
				BB810C721F9D0EE7004B3DAF /* Main.storyboard in Resources */,
			);
			runOnlyForDeploymentPostprocessing = 0;
		};
/* End PBXResourcesBuildPhase section */

/* Begin PBXSourcesBuildPhase section */
		BB810C631F9D0EE7004B3DAF /* Sources */ = {
			isa = PBXSourcesBuildPhase;
			buildActionMask = 2147483647;
			files = (
				BB810C6F1F9D0EE7004B3DAF /* ViewController.swift in Sources */,
				BB810C6B1F9D0EE7004B3DAF /* AppDelegate.swift in Sources */,
			);
			runOnlyForDeploymentPostprocessing = 0;
		};
/* End PBXSourcesBuildPhase section */

/* Begin PBXVariantGroup section */
		BB810C701F9D0EE7004B3DAF /* Main.storyboard */ = {
			isa = PBXVariantGroup;
			children = (
				BB810C711F9D0EE7004B3DAF /* Base */,
			);
			name = Main.storyboard;
			sourceTree = "<group>";
		};
		BB810C751F9D0EE7004B3DAF /* LaunchScreen.storyboard */ = {
			isa = PBXVariantGroup;
			children = (
				BB810C761F9D0EE7004B3DAF /* Base */,
			);
			name = LaunchScreen.storyboard;
			sourceTree = "<group>";
		};
/* End PBXVariantGroup section */

/* Begin XCBuildConfiguration section */
		BB810C791F9D0EE7004B3DAF /* Debug */ = {
			isa = XCBuildConfiguration;
			buildSettings = {
				ALWAYS_SEARCH_USER_PATHS = NO;
				CLANG_ANALYZER_NONNULL = YES;
				CLANG_ANALYZER_NUMBER_OBJECT_CONVERSION = YES_AGGRESSIVE;
				CLANG_CXX_LANGUAGE_STANDARD = "gnu++14";
				CLANG_CXX_LIBRARY = "libc++";
				CLANG_ENABLE_MODULES = YES;
				CLANG_ENABLE_OBJC_ARC = YES;
				CLANG_WARN_BLOCK_CAPTURE_AUTORELEASING = YES;
				CLANG_WARN_BOOL_CONVERSION = YES;
				CLANG_WARN_COMMA = YES;
				CLANG_WARN_CONSTANT_CONVERSION = YES;
				CLANG_WARN_DIRECT_OBJC_ISA_USAGE = YES_ERROR;
				CLANG_WARN_DOCUMENTATION_COMMENTS = YES;
				CLANG_WARN_EMPTY_BODY = YES;
				CLANG_WARN_ENUM_CONVERSION = YES;
				CLANG_WARN_INFINITE_RECURSION = YES;
				CLANG_WARN_INT_CONVERSION = YES;
				CLANG_WARN_NON_LITERAL_NULL_CONVERSION = YES;
				CLANG_WARN_OBJC_LITERAL_CONVERSION = YES;
				CLANG_WARN_OBJC_ROOT_CLASS = YES_ERROR;
				CLANG_WARN_RANGE_LOOP_ANALYSIS = YES;
				CLANG_WARN_STRICT_PROTOTYPES = YES;
				CLANG_WARN_SUSPICIOUS_MOVE = YES;
				CLANG_WARN_UNGUARDED_AVAILABILITY = YES_AGGRESSIVE;
				CLANG_WARN_UNREACHABLE_CODE = YES;
				CLANG_WARN__DUPLICATE_METHOD_MATCH = YES;
				CODE_SIGN_IDENTITY = "iPhone Developer";
				COPY_PHASE_STRIP = NO;
				DEBUG_INFORMATION_FORMAT = dwarf;
				ENABLE_STRICT_OBJC_MSGSEND = YES;
				ENABLE_TESTABILITY = YES;
				GCC_C_LANGUAGE_STANDARD = gnu11;
				GCC_DYNAMIC_NO_PIC = NO;
				GCC_NO_COMMON_BLOCKS = YES;
				GCC_OPTIMIZATION_LEVEL = 0;
				GCC_PREPROCESSOR_DEFINITIONS = (
					"DEBUG=1",
					"$(inherited)",
				);
				GCC_WARN_64_TO_32_BIT_CONVERSION = YES;
				GCC_WARN_ABOUT_RETURN_TYPE = YES_ERROR;
				GCC_WARN_UNDECLARED_SELECTOR = YES;
				GCC_WARN_UNINITIALIZED_AUTOS = YES_AGGRESSIVE;
				GCC_WARN_UNUSED_FUNCTION = YES;
				GCC_WARN_UNUSED_VARIABLE = YES;
				IPHONEOS_DEPLOYMENT_TARGET = 11.0;
				MTL_ENABLE_DEBUG_INFO = YES;
				ONLY_ACTIVE_ARCH = YES;
				SDKROOT = iphoneos;
				SWIFT_ACTIVE_COMPILATION_CONDITIONS = DEBUG;
				SWIFT_OPTIMIZATION_LEVEL = "-Onone";
			};
			name = Debug;
		};
		BB810C7A1F9D0EE7004B3DAF /* Release */ = {
			isa = XCBuildConfiguration;
			buildSettings = {
				ALWAYS_SEARCH_USER_PATHS = NO;
				CLANG_ANALYZER_NONNULL = YES;
				CLANG_ANALYZER_NUMBER_OBJECT_CONVERSION = YES_AGGRESSIVE;
				CLANG_CXX_LANGUAGE_STANDARD = "gnu++14";
				CLANG_CXX_LIBRARY = "libc++";
				CLANG_ENABLE_MODULES = YES;
				CLANG_ENABLE_OBJC_ARC = YES;
				CLANG_WARN_BLOCK_CAPTURE_AUTORELEASING = YES;
				CLANG_WARN_BOOL_CONVERSION = YES;
				CLANG_WARN_COMMA = YES;
				CLANG_WARN_CONSTANT_CONVERSION = YES;
				CLANG_WARN_DIRECT_OBJC_ISA_USAGE = YES_ERROR;
				CLANG_WARN_DOCUMENTATION_COMMENTS = YES;
				CLANG_WARN_EMPTY_BODY = YES;
				CLANG_WARN_ENUM_CONVERSION = YES;
				CLANG_WARN_INFINITE_RECURSION = YES;
				CLANG_WARN_INT_CONVERSION = YES;
				CLANG_WARN_NON_LITERAL_NULL_CONVERSION = YES;
				CLANG_WARN_OBJC_LITERAL_CONVERSION = YES;
				CLANG_WARN_OBJC_ROOT_CLASS = YES_ERROR;
				CLANG_WARN_RANGE_LOOP_ANALYSIS = YES;
				CLANG_WARN_STRICT_PROTOTYPES = YES;
				CLANG_WARN_SUSPICIOUS_MOVE = YES;
				CLANG_WARN_UNGUARDED_AVAILABILITY = YES_AGGRESSIVE;
				CLANG_WARN_UNREACHABLE_CODE = YES;
				CLANG_WARN__DUPLICATE_METHOD_MATCH = YES;
				CODE_SIGN_IDENTITY = "iPhone Developer";
				COPY_PHASE_STRIP = NO;
				DEBUG_INFORMATION_FORMAT = "dwarf-with-dsym";
				ENABLE_NS_ASSERTIONS = NO;
				ENABLE_STRICT_OBJC_MSGSEND = YES;
				GCC_C_LANGUAGE_STANDARD = gnu11;
				GCC_NO_COMMON_BLOCKS = YES;
				GCC_WARN_64_TO_32_BIT_CONVERSION = YES;
				GCC_WARN_ABOUT_RETURN_TYPE = YES_ERROR;
				GCC_WARN_UNDECLARED_SELECTOR = YES;
				GCC_WARN_UNINITIALIZED_AUTOS = YES_AGGRESSIVE;
				GCC_WARN_UNUSED_FUNCTION = YES;
				GCC_WARN_UNUSED_VARIABLE = YES;
				IPHONEOS_DEPLOYMENT_TARGET = 11.0;
				MTL_ENABLE_DEBUG_INFO = NO;
				SDKROOT = iphoneos;
				SWIFT_OPTIMIZATION_LEVEL = "-Owholemodule";
				VALIDATE_PRODUCT = YES;
			};
			name = Release;
		};
		BB810C7C1F9D0EE7004B3DAF /* Debug */ = {
			isa = XCBuildConfiguration;
			buildSettings = {
				ASSETCATALOG_COMPILER_APPICON_NAME = AppIcon;
				CODE_SIGN_STYLE = Automatic;
				DEVELOPMENT_TEAM = 9FPGJQV4QD;
				INFOPLIST_FILE = ARKitSample/Info.plist;
				IPHONEOS_DEPLOYMENT_TARGET = 11.0;
				LD_RUNPATH_SEARCH_PATHS = "$(inherited) @executable_path/Frameworks";
				PRODUCT_BUNDLE_IDENTIFIER = com.creative.rd.ARKitSample;
				PRODUCT_NAME = "$(TARGET_NAME)";
				SWIFT_VERSION = 4.0;
				TARGETED_DEVICE_FAMILY = "1,2";
			};
			name = Debug;
		};
		BB810C7D1F9D0EE7004B3DAF /* Release */ = {
			isa = XCBuildConfiguration;
			buildSettings = {
				ASSETCATALOG_COMPILER_APPICON_NAME = AppIcon;
				CODE_SIGN_STYLE = Automatic;
				DEVELOPMENT_TEAM = 9FPGJQV4QD;
				INFOPLIST_FILE = ARKitSample/Info.plist;
				IPHONEOS_DEPLOYMENT_TARGET = 11.0;
				LD_RUNPATH_SEARCH_PATHS = "$(inherited) @executable_path/Frameworks";
				PRODUCT_BUNDLE_IDENTIFIER = com.creative.rd.ARKitSample;
				PRODUCT_NAME = "$(TARGET_NAME)";
				SWIFT_VERSION = 4.0;
				TARGETED_DEVICE_FAMILY = "1,2";
			};
			name = Release;
		};
/* End XCBuildConfiguration section */

/* Begin XCConfigurationList section */
		BB810C621F9D0EE7004B3DAF /* Build configuration list for PBXProject "ARKitSample" */ = {
			isa = XCConfigurationList;
			buildConfigurations = (
				BB810C791F9D0EE7004B3DAF /* Debug */,
				BB810C7A1F9D0EE7004B3DAF /* Release */,
			);
			defaultConfigurationIsVisible = 0;
			defaultConfigurationName = Release;
		};
		BB810C7B1F9D0EE7004B3DAF /* Build configuration list for PBXNativeTarget "ARKitSample" */ = {
			isa = XCConfigurationList;
			buildConfigurations = (
				BB810C7C1F9D0EE7004B3DAF /* Debug */,
				BB810C7D1F9D0EE7004B3DAF /* Release */,
			);
			defaultConfigurationIsVisible = 0;
			defaultConfigurationName = Release;
		};
/* End XCConfigurationList section */
	};
	rootObject = BB810C5F1F9D0EE7004B3DAF /* Project object */;
}
