{
  "object": {
    "pins": [
      {
        "package": "Swifty-Extensions",
        "repositoryURL": "https://github.com/milanpanchal/Swifty-Extensions",
        "state": {
          "branch": null,
          "revision": "e0a6807aed78ae7ddaa46d71dab388357fd74786",
          "version": "1.0.2"
        }
      }
    ]
  },
  "version": 1
}
